// !$*UTF8*$!
{
	archiveVersion = 1;
	classes = {
	};
	objectVersion = 46;
	objects = {

/* Begin PBXBuildFile section */
		551EBF9DDF82418CBADFE3FA /* LICENSE in Sources */ = {isa = PBXBuildFile; fileRef = 6CAD3C85743646808302CDF1 /* LICENSE */; };
		2EE6C67928B94D69BAF13F10 /* .gitignore in Sources */ = {isa = PBXBuildFile; fileRef = 3994FE09DB7644AEA9B8953B /* .gitignore */; };
		9FB3B829457145559F0BBAF3 /* BMSCredentials.plist in Resources */ = {isa = PBXBuildFile; fileRef = E11A0A2188514DA7ACCF4E69 /* BMSCredentials.plist */; };
		4931471C1D9D72C600D044FE /* TagItem.swift in Sources */ = {isa = PBXBuildFile; fileRef = 4931471B1D9D72C600D044FE /* TagItem.swift */; };
		497C3A901D9C27E900A2C33E /* TagCollectionViewCell.swift in Sources */ = {isa = PBXBuildFile; fileRef = 497C3A8E1D9C27E900A2C33E /* TagCollectionViewCell.swift */; };
		497C3A911D9C27E900A2C33E /* TagCollectionViewCell.xib in Resources */ = {isa = PBXBuildFile; fileRef = 497C3A8F1D9C27E900A2C33E /* TagCollectionViewCell.xib */; };
		4E9DF87A2D06FD16104E6D81 /* Pods_visualrecognitioniosUITests.framework in Frameworks */ = {isa = PBXBuildFile; fileRef = 18FB6B94BD7F5CF6B965945C /* Pods_visualrecognitioniosUITests.framework */; };
		555C91AC1D0F0731003E84E3 /* AppDelegate.swift in Sources */ = {isa = PBXBuildFile; fileRef = 555C91AB1D0F0731003E84E3 /* AppDelegate.swift */; };
		555C91AE1D0F0731003E84E3 /* ViewController.swift in Sources */ = {isa = PBXBuildFile; fileRef = 555C91AD1D0F0731003E84E3 /* ViewController.swift */; };
		555C91B11D0F0731003E84E3 /* Main.storyboard in Resources */ = {isa = PBXBuildFile; fileRef = 555C91AF1D0F0731003E84E3 /* Main.storyboard */; };
		555C91B31D0F0731003E84E3 /* Assets.xcassets in Resources */ = {isa = PBXBuildFile; fileRef = 555C91B21D0F0731003E84E3 /* Assets.xcassets */; };
		5AD2174C7FEFAB5CF81BC563 /* Pods_visualrecognitioniosTests.framework in Frameworks */ = {isa = PBXBuildFile; fileRef = E544B14066F29C9013C2DBC8 /* Pods_visualrecognitioniosTests.framework */; };
		9D056528766C3DA17608E6CD /* Pods_visualrecognitionios.framework in Frameworks */ = {isa = PBXBuildFile; fileRef = C588E03443573F2DDF2BE953 /* Pods_visualrecognitionios.framework */; };
		E3D187DA202CAFBE00E41D1D /* visualrecognitioniosTests.swift in Sources */ = {isa = PBXBuildFile; fileRef = E3D187D9202CAFBE00E41D1D /* visualrecognitioniosTests.swift */; };
		E3D187E8202CAFE500E41D1D /* visualrecognitioniosUITests.swift in Sources */ = {isa = PBXBuildFile; fileRef = E3D187E7202CAFE500E41D1D /* visualrecognitioniosUITests.swift */; };
		E3F7DD48202BF58D00F857C3 /* ApplicationError.swift in Sources */ = {isa = PBXBuildFile; fileRef = E3F7DD47202BF58D00F857C3 /* ApplicationError.swift */; };
/* End PBXBuildFile section */

/* Begin PBXContainerItemProxy section */
		E3D187DC202CAFBE00E41D1D /* PBXContainerItemProxy */ = {
			isa = PBXContainerItemProxy;
			containerPortal = 555C91A01D0F0731003E84E3 /* Project object */;
			proxyType = 1;
			remoteGlobalIDString = 555C91A71D0F0731003E84E3;
			remoteInfo = visualrecognitionios;
		};
		E3D187EA202CAFE500E41D1D /* PBXContainerItemProxy */ = {
			isa = PBXContainerItemProxy;
			containerPortal = 555C91A01D0F0731003E84E3 /* Project object */;
			proxyType = 1;
			remoteGlobalIDString = 555C91A71D0F0731003E84E3;
			remoteInfo = visualrecognitionios;
		};
/* End PBXContainerItemProxy section */

/* Begin PBXCopyFilesBuildPhase section */
		49E15BA51D902274005C4B9E /* Embed Frameworks */ = {
			isa = PBXCopyFilesBuildPhase;
			buildActionMask = 2147483647;
			dstPath = "";
			dstSubfolderSpec = 10;
			files = (
			);
			name = "Embed Frameworks";
			runOnlyForDeploymentPostprocessing = 0;
		};
/* End PBXCopyFilesBuildPhase section */

/* Begin PBXFileReference section */
		6CAD3C85743646808302CDF1 /* LICENSE */ = {isa = PBXFileReference; lastKnownFileType = sourcecode.swift; name = LICENSE; path = LICENSE; sourceTree = "<group>"; };
		3994FE09DB7644AEA9B8953B /* .gitignore */ = {isa = PBXFileReference; lastKnownFileType = sourcecode.swift; name = .gitignore; path = .gitignore; sourceTree = "<group>"; };
		E11A0A2188514DA7ACCF4E69 /* BMSCredentials.plist */ = {isa = PBXFileReference; fileEncoding = 4; lastKnownFileType = text.plist.xml; name = BMSCredentials.plist; path = BMSCredentials.plist; sourceTree = "<group>"; };
		11E82E2A01DF386A2BD70BE6 /* Pods-visualrecognitionios.debug.xcconfig */ = {isa = PBXFileReference; includeInIndex = 1; lastKnownFileType = text.xcconfig; name = "Pods-visualrecognitionios.debug.xcconfig"; path = "Pods/Target Support Files/Pods-visualrecognitionios/Pods-visualrecognitionios.debug.xcconfig"; sourceTree = "<group>"; };
		18FB6B94BD7F5CF6B965945C /* Pods_visualrecognitioniosUITests.framework */ = {isa = PBXFileReference; explicitFileType = wrapper.framework; includeInIndex = 0; path = Pods_visualrecognitioniosUITests.framework; sourceTree = BUILT_PRODUCTS_DIR; };
		1CCAB15229E227CD9B62C913 /* Pods-visualrecognitionios.release.xcconfig */ = {isa = PBXFileReference; includeInIndex = 1; lastKnownFileType = text.xcconfig; name = "Pods-visualrecognitionios.release.xcconfig"; path = "Pods/Target Support Files/Pods-visualrecognitionios/Pods-visualrecognitionios.release.xcconfig"; sourceTree = "<group>"; };
		483EEB55DA3E89708BB85127 /* Pods-visualrecognitioniosUITests.release.xcconfig */ = {isa = PBXFileReference; includeInIndex = 1; lastKnownFileType = text.xcconfig; name = "Pods-visualrecognitioniosUITests.release.xcconfig"; path = "Pods/Target Support Files/Pods-visualrecognitioniosUITests/Pods-visualrecognitioniosUITests.release.xcconfig"; sourceTree = "<group>"; };
		4931471B1D9D72C600D044FE /* TagItem.swift */ = {isa = PBXFileReference; fileEncoding = 4; lastKnownFileType = sourcecode.swift; path = TagItem.swift; sourceTree = "<group>"; };
		497C3A8E1D9C27E900A2C33E /* TagCollectionViewCell.swift */ = {isa = PBXFileReference; fileEncoding = 4; lastKnownFileType = sourcecode.swift; path = TagCollectionViewCell.swift; sourceTree = "<group>"; };
		497C3A8F1D9C27E900A2C33E /* TagCollectionViewCell.xib */ = {isa = PBXFileReference; fileEncoding = 4; lastKnownFileType = file.xib; path = TagCollectionViewCell.xib; sourceTree = "<group>"; };
		555C91A81D0F0731003E84E3 /* visualrecognitionios.app */ = {isa = PBXFileReference; explicitFileType = wrapper.application; includeInIndex = 0; path = visualrecognitionios.app; sourceTree = BUILT_PRODUCTS_DIR; };
		555C91AB1D0F0731003E84E3 /* AppDelegate.swift */ = {isa = PBXFileReference; lastKnownFileType = sourcecode.swift; path = AppDelegate.swift; sourceTree = "<group>"; };
		555C91AD1D0F0731003E84E3 /* ViewController.swift */ = {isa = PBXFileReference; lastKnownFileType = sourcecode.swift; path = ViewController.swift; sourceTree = "<group>"; };
		555C91B01D0F0731003E84E3 /* Base */ = {isa = PBXFileReference; lastKnownFileType = file.storyboard; name = Base; path = Base.lproj/Main.storyboard; sourceTree = "<group>"; };
		555C91B21D0F0731003E84E3 /* Assets.xcassets */ = {isa = PBXFileReference; lastKnownFileType = folder.assetcatalog; path = Assets.xcassets; sourceTree = "<group>"; };
		555C91B71D0F0731003E84E3 /* Info.plist */ = {isa = PBXFileReference; lastKnownFileType = text.plist.xml; path = Info.plist; sourceTree = "<group>"; };
		87BF2132F67C2EAE62E4B71D /* Pods-visualrecognitioniosUITests.debug.xcconfig */ = {isa = PBXFileReference; includeInIndex = 1; lastKnownFileType = text.xcconfig; name = "Pods-visualrecognitioniosUITests.debug.xcconfig"; path = "Pods/Target Support Files/Pods-visualrecognitioniosUITests/Pods-visualrecognitioniosUITests.debug.xcconfig"; sourceTree = "<group>"; };
		BE8DF661C07204DB0E9EEB5F /* Pods-visualrecognitioniosTests.release.xcconfig */ = {isa = PBXFileReference; includeInIndex = 1; lastKnownFileType = text.xcconfig; name = "Pods-visualrecognitioniosTests.release.xcconfig"; path = "Pods/Target Support Files/Pods-visualrecognitioniosTests/Pods-visualrecognitioniosTests.release.xcconfig"; sourceTree = "<group>"; };
		C588E03443573F2DDF2BE953 /* Pods_visualrecognitionios.framework */ = {isa = PBXFileReference; explicitFileType = wrapper.framework; includeInIndex = 0; path = Pods_visualrecognitionios.framework; sourceTree = BUILT_PRODUCTS_DIR; };
		D89BC7573A6BA92E7A355C67 /* Pods-visualrecognitioniosTests.debug.xcconfig */ = {isa = PBXFileReference; includeInIndex = 1; lastKnownFileType = text.xcconfig; name = "Pods-visualrecognitioniosTests.debug.xcconfig"; path = "Pods/Target Support Files/Pods-visualrecognitioniosTests/Pods-visualrecognitioniosTests.debug.xcconfig"; sourceTree = "<group>"; };
		E3D187D7202CAFBE00E41D1D /* visualrecognitioniosTests.xctest */ = {isa = PBXFileReference; explicitFileType = wrapper.cfbundle; includeInIndex = 0; path = visualrecognitioniosTests.xctest; sourceTree = BUILT_PRODUCTS_DIR; };
		E3D187D9202CAFBE00E41D1D /* visualrecognitioniosTests.swift */ = {isa = PBXFileReference; lastKnownFileType = sourcecode.swift; path = visualrecognitioniosTests.swift; sourceTree = "<group>"; };
		E3D187DB202CAFBE00E41D1D /* Info.plist */ = {isa = PBXFileReference; lastKnownFileType = text.plist.xml; path = Info.plist; sourceTree = "<group>"; };
		E3D187E5202CAFE500E41D1D /* visualrecognitioniosUITests.xctest */ = {isa = PBXFileReference; explicitFileType = wrapper.cfbundle; includeInIndex = 0; path = visualrecognitioniosUITests.xctest; sourceTree = BUILT_PRODUCTS_DIR; };
		E3D187E7202CAFE500E41D1D /* visualrecognitioniosUITests.swift */ = {isa = PBXFileReference; lastKnownFileType = sourcecode.swift; path = visualrecognitioniosUITests.swift; sourceTree = "<group>"; };
		E3D187E9202CAFE500E41D1D /* Info.plist */ = {isa = PBXFileReference; lastKnownFileType = text.plist.xml; path = Info.plist; sourceTree = "<group>"; };
		E3F7DD47202BF58D00F857C3 /* ApplicationError.swift */ = {isa = PBXFileReference; fileEncoding = 4; lastKnownFileType = sourcecode.swift; path = ApplicationError.swift; sourceTree = "<group>"; };
		E544B14066F29C9013C2DBC8 /* Pods_visualrecognitioniosTests.framework */ = {isa = PBXFileReference; explicitFileType = wrapper.framework; includeInIndex = 0; path = Pods_visualrecognitioniosTests.framework; sourceTree = BUILT_PRODUCTS_DIR; };
/* End PBXFileReference section */

/* Begin PBXFrameworksBuildPhase section */
		555C91A51D0F0731003E84E3 /* Frameworks */ = {
			isa = PBXFrameworksBuildPhase;
			buildActionMask = 2147483647;
			files = (
				9D056528766C3DA17608E6CD /* Pods_visualrecognitionios.framework in Frameworks */,
			);
			runOnlyForDeploymentPostprocessing = 0;
		};
		E3D187D4202CAFBE00E41D1D /* Frameworks */ = {
			isa = PBXFrameworksBuildPhase;
			buildActionMask = 2147483647;
			files = (
				5AD2174C7FEFAB5CF81BC563 /* Pods_visualrecognitioniosTests.framework in Frameworks */,
			);
			runOnlyForDeploymentPostprocessing = 0;
		};
		E3D187E2202CAFE500E41D1D /* Frameworks */ = {
			isa = PBXFrameworksBuildPhase;
			buildActionMask = 2147483647;
			files = (
				4E9DF87A2D06FD16104E6D81 /* Pods_visualrecognitioniosUITests.framework in Frameworks */,
			);
			runOnlyForDeploymentPostprocessing = 0;
		};
/* End PBXFrameworksBuildPhase section */

/* Begin PBXGroup section */
		545C9DD4D3D79A706E9BC9CE /* Frameworks */ = {
			isa = PBXGroup;
			children = (
				C588E03443573F2DDF2BE953 /* Pods_visualrecognitionios.framework */,
				E544B14066F29C9013C2DBC8 /* Pods_visualrecognitioniosTests.framework */,
				18FB6B94BD7F5CF6B965945C /* Pods_visualrecognitioniosUITests.framework */,
			);
			name = Frameworks;
			sourceTree = "<group>";
		};
		555C919F1D0F0731003E84E3 = {
			isa = PBXGroup;
			children = (
				555C91AA1D0F0731003E84E3 /* visualrecognitionios */,
				E3D187D8202CAFBE00E41D1D /* visualrecognitioniosTests */,
				E3D187E6202CAFE500E41D1D /* visualrecognitioniosUITests */,
				555C91A91D0F0731003E84E3 /* Products */,
				A4160B77D037FA5B9F790955 /* Pods */,
				545C9DD4D3D79A706E9BC9CE /* Frameworks */,
			);
			sourceTree = "<group>";
		};
		555C91A91D0F0731003E84E3 /* Products */ = {
			isa = PBXGroup;
			children = (
				555C91A81D0F0731003E84E3 /* visualrecognitionios.app */,
				E3D187D7202CAFBE00E41D1D /* visualrecognitioniosTests.xctest */,
				E3D187E5202CAFE500E41D1D /* visualrecognitioniosUITests.xctest */,
			);
			name = Products;
			sourceTree = "<group>";
		};
		555C91AA1D0F0731003E84E3 /* visualrecognitionios */ = {
			isa = PBXGroup;
			children = (
				E11A0A2188514DA7ACCF4E69 /* BMSCredentials.plist */,
				E3F7DD47202BF58D00F857C3 /* ApplicationError.swift */,
				555C91AB1D0F0731003E84E3 /* AppDelegate.swift */,
				555C91AD1D0F0731003E84E3 /* ViewController.swift */,
				555C91AF1D0F0731003E84E3 /* Main.storyboard */,
				4931471B1D9D72C600D044FE /* TagItem.swift */,
				497C3A8E1D9C27E900A2C33E /* TagCollectionViewCell.swift */,
				497C3A8F1D9C27E900A2C33E /* TagCollectionViewCell.xib */,
				555C91B21D0F0731003E84E3 /* Assets.xcassets */,
				555C91B71D0F0731003E84E3 /* Info.plist */,
			);
			path = visualrecognitionios;
			sourceTree = "<group>";
		};
		A4160B77D037FA5B9F790955 /* Pods */ = {
			isa = PBXGroup;
			children = (
				11E82E2A01DF386A2BD70BE6 /* Pods-visualrecognitionios.debug.xcconfig */,
				1CCAB15229E227CD9B62C913 /* Pods-visualrecognitionios.release.xcconfig */,
				D89BC7573A6BA92E7A355C67 /* Pods-visualrecognitioniosTests.debug.xcconfig */,
				BE8DF661C07204DB0E9EEB5F /* Pods-visualrecognitioniosTests.release.xcconfig */,
				87BF2132F67C2EAE62E4B71D /* Pods-visualrecognitioniosUITests.debug.xcconfig */,
				483EEB55DA3E89708BB85127 /* Pods-visualrecognitioniosUITests.release.xcconfig */,
			);
			name = Pods;
			sourceTree = "<group>";
		};
		E3D187D8202CAFBE00E41D1D /* visualrecognitioniosTests */ = {
			isa = PBXGroup;
			children = (
				E3D187D9202CAFBE00E41D1D /* visualrecognitioniosTests.swift */,
				E3D187DB202CAFBE00E41D1D /* Info.plist */,
			);
			path = visualrecognitioniosTests;
			sourceTree = "<group>";
		};
		E3D187E6202CAFE500E41D1D /* visualrecognitioniosUITests */ = {
			isa = PBXGroup;
			children = (
				E3D187E7202CAFE500E41D1D /* visualrecognitioniosUITests.swift */,
				E3D187E9202CAFE500E41D1D /* Info.plist */,
			);
			path = visualrecognitioniosUITests;
			sourceTree = "<group>";
		};
/* End PBXGroup section */

/* Begin PBXNativeTarget section */
		555C91A71D0F0731003E84E3 /* visualrecognitionios */ = {
			isa = PBXNativeTarget;
			buildConfigurationList = 555C91D01D0F0731003E84E3 /* Build configuration list for PBXNativeTarget "visualrecognitionios" */;
			buildPhases = (
				E48551C04942F6AAA79A91F5 /* [CP] Check Pods Manifest.lock */,
				555C91A41D0F0731003E84E3 /* Sources */,
				555C91A51D0F0731003E84E3 /* Frameworks */,
				555C91A61D0F0731003E84E3 /* Resources */,
				7A8D7333F6565346A25DF969 /* [CP] Embed Pods Frameworks */,
				49E15BA51D902274005C4B9E /* Embed Frameworks */,
			);
			buildRules = (
			);
			dependencies = (
			);
			name = visualrecognitionios;
			productName = visualrecognitionios;
			productReference = 555C91A81D0F0731003E84E3 /* visualrecognitionios.app */;
			productType = "com.apple.product-type.application";
		};
		E3D187D6202CAFBE00E41D1D /* visualrecognitioniosTests */ = {
			isa = PBXNativeTarget;
			buildConfigurationList = E3D187E0202CAFBE00E41D1D /* Build configuration list for PBXNativeTarget "visualrecognitioniosTests" */;
			buildPhases = (
				142E7C609BE1012F55D5013D /* [CP] Check Pods Manifest.lock */,
				E3D187D3202CAFBE00E41D1D /* Sources */,
				E3D187D4202CAFBE00E41D1D /* Frameworks */,
				E3D187D5202CAFBE00E41D1D /* Resources */,
			);
			buildRules = (
			);
			dependencies = (
				E3D187DD202CAFBE00E41D1D /* PBXTargetDependency */,
			);
			name = visualrecognitioniosTests;
			productName = visualrecognitioniosTests;
			productReference = E3D187D7202CAFBE00E41D1D /* visualrecognitioniosTests.xctest */;
			productType = "com.apple.product-type.bundle.unit-test";
		};
		E3D187E4202CAFE500E41D1D /* visualrecognitioniosUITests */ = {
			isa = PBXNativeTarget;
			buildConfigurationList = E3D187EC202CAFE600E41D1D /* Build configuration list for PBXNativeTarget "visualrecognitioniosUITests" */;
			buildPhases = (
				E59D57382075C7E8D79AC2D3 /* [CP] Check Pods Manifest.lock */,
				E3D187E1202CAFE500E41D1D /* Sources */,
				E3D187E2202CAFE500E41D1D /* Frameworks */,
				E3D187E3202CAFE500E41D1D /* Resources */,
			);
			buildRules = (
			);
			dependencies = (
				E3D187EB202CAFE500E41D1D /* PBXTargetDependency */,
			);
			name = visualrecognitioniosUITests;
			productName = visualrecognitioniosUITests;
			productReference = E3D187E5202CAFE500E41D1D /* visualrecognitioniosUITests.xctest */;
			productType = "com.apple.product-type.bundle.ui-testing";
		};
/* End PBXNativeTarget section */

/* Begin PBXProject section */
		555C91A01D0F0731003E84E3 /* Project object */ = {
			isa = PBXProject;
			attributes = {
				LastSwiftUpdateCheck = 0920;
				LastUpgradeCheck = 1010;
				ORGANIZATIONNAME = IBM;
				TargetAttributes = {
					555C91A71D0F0731003E84E3 = {
						CreatedOnToolsVersion = 7.3.1;
						LastSwiftMigration = 1010;
					};
					E3D187D6202CAFBE00E41D1D = {
						CreatedOnToolsVersion = 9.2;
						LastSwiftMigration = 1010;
						ProvisioningStyle = Automatic;
						TestTargetID = 555C91A71D0F0731003E84E3;
					};
					E3D187E4202CAFE500E41D1D = {
						CreatedOnToolsVersion = 9.2;
						LastSwiftMigration = 1010;
						ProvisioningStyle = Automatic;
						TestTargetID = 555C91A71D0F0731003E84E3;
					};
				};
			};
			buildConfigurationList = 555C91A31D0F0731003E84E3 /* Build configuration list for PBXProject "visualrecognitionios" */;
			compatibilityVersion = "Xcode 3.2";
			developmentRegion = English;
			hasScannedForEncodings = 0;
			knownRegions = (
				en,
				Base,
			);
			mainGroup = 555C919F1D0F0731003E84E3;
			productRefGroup = 555C91A91D0F0731003E84E3 /* Products */;
			projectDirPath = "";
			projectRoot = "";
			targets = (
				555C91A71D0F0731003E84E3 /* visualrecognitionios */,
				E3D187D6202CAFBE00E41D1D /* visualrecognitioniosTests */,
				E3D187E4202CAFE500E41D1D /* visualrecognitioniosUITests */,
			);
		};
/* End PBXProject section */

/* Begin PBXResourcesBuildPhase section */
		555C91A61D0F0731003E84E3 /* Resources */ = {
			isa = PBXResourcesBuildPhase;
			buildActionMask = 2147483647;
			files = (
				9FB3B829457145559F0BBAF3 /* BMSCredentials.plist in Resources */,
				497C3A911D9C27E900A2C33E /* TagCollectionViewCell.xib in Resources */,
				555C91B31D0F0731003E84E3 /* Assets.xcassets in Resources */,
				555C91B11D0F0731003E84E3 /* Main.storyboard in Resources */,
			);
			runOnlyForDeploymentPostprocessing = 0;
		};
		E3D187D5202CAFBE00E41D1D /* Resources */ = {
			isa = PBXResourcesBuildPhase;
			buildActionMask = 2147483647;
			files = (
			);
			runOnlyForDeploymentPostprocessing = 0;
		};
		E3D187E3202CAFE500E41D1D /* Resources */ = {
			isa = PBXResourcesBuildPhase;
			buildActionMask = 2147483647;
			files = (
			);
			runOnlyForDeploymentPostprocessing = 0;
		};
/* End PBXResourcesBuildPhase section */

/* Begin PBXShellScriptBuildPhase section */
		142E7C609BE1012F55D5013D /* [CP] Check Pods Manifest.lock */ = {
			isa = PBXShellScriptBuildPhase;
			buildActionMask = 2147483647;
			files = (
			);
			inputPaths = (
				"${PODS_PODFILE_DIR_PATH}/Podfile.lock",
				"${PODS_ROOT}/Manifest.lock",
			);
			name = "[CP] Check Pods Manifest.lock";
			outputPaths = (
				"$(DERIVED_FILE_DIR)/Pods-visualrecognitioniosTests-checkManifestLockResult.txt",
			);
			runOnlyForDeploymentPostprocessing = 0;
			shellPath = /bin/sh;
			shellScript = "diff \"${PODS_PODFILE_DIR_PATH}/Podfile.lock\" \"${PODS_ROOT}/Manifest.lock\" > /dev/null\nif [ $? != 0 ] ; then\n    # print error to STDERR\n    echo \"error: The sandbox is not in sync with the Podfile.lock. Run 'pod install' or update your CocoaPods installation.\" >&2\n    exit 1\nfi\n# This output is used by Xcode 'outputs' to avoid re-running this script phase.\necho \"SUCCESS\" > \"${SCRIPT_OUTPUT_FILE_0}\"\n";
			showEnvVarsInLog = 0;
		};
		7A8D7333F6565346A25DF969 /* [CP] Embed Pods Frameworks */ = {
			isa = PBXShellScriptBuildPhase;
			buildActionMask = 2147483647;
			files = (
			);
			inputPaths = (
				"${SRCROOT}/Pods/Target Support Files/Pods-visualrecognitionios/Pods-visualrecognitionios-frameworks.sh",
				"${BUILT_PRODUCTS_DIR}/BMSAnalyticsAPI/BMSAnalyticsAPI.framework",
				"${BUILT_PRODUCTS_DIR}/BMSCore/BMSCore.framework",
				"${BUILT_PRODUCTS_DIR}/IBMWatsonRestKit/RestKit.framework",
				"${BUILT_PRODUCTS_DIR}/IBMWatsonVisualRecognitionV3/VisualRecognition.framework",
				"${BUILT_PRODUCTS_DIR}/KTCenterFlowLayout/KTCenterFlowLayout.framework",
				"${BUILT_PRODUCTS_DIR}/SwiftSpinner/SwiftSpinner.framework",
			);
			name = "[CP] Embed Pods Frameworks";
			outputPaths = (
				"${TARGET_BUILD_DIR}/${FRAMEWORKS_FOLDER_PATH}/BMSAnalyticsAPI.framework",
				"${TARGET_BUILD_DIR}/${FRAMEWORKS_FOLDER_PATH}/BMSCore.framework",
				"${TARGET_BUILD_DIR}/${FRAMEWORKS_FOLDER_PATH}/RestKit.framework",
				"${TARGET_BUILD_DIR}/${FRAMEWORKS_FOLDER_PATH}/VisualRecognition.framework",
				"${TARGET_BUILD_DIR}/${FRAMEWORKS_FOLDER_PATH}/KTCenterFlowLayout.framework",
				"${TARGET_BUILD_DIR}/${FRAMEWORKS_FOLDER_PATH}/SwiftSpinner.framework",
			);
			runOnlyForDeploymentPostprocessing = 0;
			shellPath = /bin/sh;
			shellScript = "\"${SRCROOT}/Pods/Target Support Files/Pods-visualrecognitionios/Pods-visualrecognitionios-frameworks.sh\"\n";
			showEnvVarsInLog = 0;
		};
		E48551C04942F6AAA79A91F5 /* [CP] Check Pods Manifest.lock */ = {
			isa = PBXShellScriptBuildPhase;
			buildActionMask = 2147483647;
			files = (
			);
			inputPaths = (
				"${PODS_PODFILE_DIR_PATH}/Podfile.lock",
				"${PODS_ROOT}/Manifest.lock",
			);
			name = "[CP] Check Pods Manifest.lock";
			outputPaths = (
				"$(DERIVED_FILE_DIR)/Pods-visualrecognitionios-checkManifestLockResult.txt",
			);
			runOnlyForDeploymentPostprocessing = 0;
			shellPath = /bin/sh;
			shellScript = "diff \"${PODS_PODFILE_DIR_PATH}/Podfile.lock\" \"${PODS_ROOT}/Manifest.lock\" > /dev/null\nif [ $? != 0 ] ; then\n    # print error to STDERR\n    echo \"error: The sandbox is not in sync with the Podfile.lock. Run 'pod install' or update your CocoaPods installation.\" >&2\n    exit 1\nfi\n# This output is used by Xcode 'outputs' to avoid re-running this script phase.\necho \"SUCCESS\" > \"${SCRIPT_OUTPUT_FILE_0}\"\n";
			showEnvVarsInLog = 0;
		};
		E59D57382075C7E8D79AC2D3 /* [CP] Check Pods Manifest.lock */ = {
			isa = PBXShellScriptBuildPhase;
			buildActionMask = 2147483647;
			files = (
			);
			inputPaths = (
				"${PODS_PODFILE_DIR_PATH}/Podfile.lock",
				"${PODS_ROOT}/Manifest.lock",
			);
			name = "[CP] Check Pods Manifest.lock";
			outputPaths = (
				"$(DERIVED_FILE_DIR)/Pods-visualrecognitioniosUITests-checkManifestLockResult.txt",
			);
			runOnlyForDeploymentPostprocessing = 0;
			shellPath = /bin/sh;
			shellScript = "diff \"${PODS_PODFILE_DIR_PATH}/Podfile.lock\" \"${PODS_ROOT}/Manifest.lock\" > /dev/null\nif [ $? != 0 ] ; then\n    # print error to STDERR\n    echo \"error: The sandbox is not in sync with the Podfile.lock. Run 'pod install' or update your CocoaPods installation.\" >&2\n    exit 1\nfi\n# This output is used by Xcode 'outputs' to avoid re-running this script phase.\necho \"SUCCESS\" > \"${SCRIPT_OUTPUT_FILE_0}\"\n";
			showEnvVarsInLog = 0;
		};
/* End PBXShellScriptBuildPhase section */

/* Begin PBXSourcesBuildPhase section */
		555C91A41D0F0731003E84E3 /* Sources */ = {
			isa = PBXSourcesBuildPhase;
			buildActionMask = 2147483647;
			files = (
				497C3A901D9C27E900A2C33E /* TagCollectionViewCell.swift in Sources */,
				555C91AE1D0F0731003E84E3 /* ViewController.swift in Sources */,
				4931471C1D9D72C600D044FE /* TagItem.swift in Sources */,
				555C91AC1D0F0731003E84E3 /* AppDelegate.swift in Sources */,
				E3F7DD48202BF58D00F857C3 /* ApplicationError.swift in Sources */,
			);
			runOnlyForDeploymentPostprocessing = 0;
		};
		E3D187D3202CAFBE00E41D1D /* Sources */ = {
			isa = PBXSourcesBuildPhase;
			buildActionMask = 2147483647;
			files = (
				E3D187DA202CAFBE00E41D1D /* visualrecognitioniosTests.swift in Sources */,
			);
			runOnlyForDeploymentPostprocessing = 0;
		};
		E3D187E1202CAFE500E41D1D /* Sources */ = {
			isa = PBXSourcesBuildPhase;
			buildActionMask = 2147483647;
			files = (
				E3D187E8202CAFE500E41D1D /* visualrecognitioniosUITests.swift in Sources */,
			);
			runOnlyForDeploymentPostprocessing = 0;
		};
/* End PBXSourcesBuildPhase section */

/* Begin PBXTargetDependency section */
		E3D187DD202CAFBE00E41D1D /* PBXTargetDependency */ = {
			isa = PBXTargetDependency;
			target = 555C91A71D0F0731003E84E3 /* visualrecognitionios */;
			targetProxy = E3D187DC202CAFBE00E41D1D /* PBXContainerItemProxy */;
		};
		E3D187EB202CAFE500E41D1D /* PBXTargetDependency */ = {
			isa = PBXTargetDependency;
			target = 555C91A71D0F0731003E84E3 /* visualrecognitionios */;
			targetProxy = E3D187EA202CAFE500E41D1D /* PBXContainerItemProxy */;
		};
/* End PBXTargetDependency section */

/* Begin PBXVariantGroup section */
		555C91AF1D0F0731003E84E3 /* Main.storyboard */ = {
			isa = PBXVariantGroup;
			children = (
				555C91B01D0F0731003E84E3 /* Base */,
			);
			name = Main.storyboard;
			sourceTree = "<group>";
		};
/* End PBXVariantGroup section */

/* Begin XCBuildConfiguration section */
		555C91CE1D0F0731003E84E3 /* Debug */ = {
			isa = XCBuildConfiguration;
			buildSettings = {
				ALWAYS_SEARCH_USER_PATHS = NO;
				CLANG_ANALYZER_NONNULL = YES;
				CLANG_CXX_LANGUAGE_STANDARD = "gnu++0x";
				CLANG_CXX_LIBRARY = "libc++";
				CLANG_ENABLE_MODULES = YES;
				CLANG_ENABLE_OBJC_ARC = YES;
				CLANG_WARN_BLOCK_CAPTURE_AUTORELEASING = YES;
				CLANG_WARN_BOOL_CONVERSION = YES;
				CLANG_WARN_COMMA = YES;
				CLANG_WARN_CONSTANT_CONVERSION = YES;
				CLANG_WARN_DEPRECATED_OBJC_IMPLEMENTATIONS = YES;
				CLANG_WARN_DIRECT_OBJC_ISA_USAGE = YES_ERROR;
				CLANG_WARN_EMPTY_BODY = YES;
				CLANG_WARN_ENUM_CONVERSION = YES;
				CLANG_WARN_INFINITE_RECURSION = YES;
				CLANG_WARN_INT_CONVERSION = YES;
				CLANG_WARN_NON_LITERAL_NULL_CONVERSION = YES;
				CLANG_WARN_OBJC_IMPLICIT_RETAIN_SELF = YES;
				CLANG_WARN_OBJC_LITERAL_CONVERSION = YES;
				CLANG_WARN_OBJC_ROOT_CLASS = YES_ERROR;
				CLANG_WARN_RANGE_LOOP_ANALYSIS = YES;
				CLANG_WARN_STRICT_PROTOTYPES = YES;
				CLANG_WARN_SUSPICIOUS_MOVE = YES;
				CLANG_WARN_UNREACHABLE_CODE = YES;
				CLANG_WARN__DUPLICATE_METHOD_MATCH = YES;
				"CODE_SIGN_IDENTITY[sdk=iphoneos*]" = "iPhone Developer";
				COPY_PHASE_STRIP = NO;
				DEBUG_INFORMATION_FORMAT = dwarf;
				ENABLE_STRICT_OBJC_MSGSEND = YES;
				ENABLE_TESTABILITY = YES;
				GCC_C_LANGUAGE_STANDARD = gnu99;
				GCC_DYNAMIC_NO_PIC = NO;
				GCC_NO_COMMON_BLOCKS = YES;
				GCC_OPTIMIZATION_LEVEL = 0;
				GCC_PREPROCESSOR_DEFINITIONS = (
					"DEBUG=1",
					"$(inherited)",
				);
				GCC_WARN_64_TO_32_BIT_CONVERSION = YES;
				GCC_WARN_ABOUT_RETURN_TYPE = YES_ERROR;
				GCC_WARN_UNDECLARED_SELECTOR = YES;
				GCC_WARN_UNINITIALIZED_AUTOS = YES_AGGRESSIVE;
				GCC_WARN_UNUSED_FUNCTION = YES;
				GCC_WARN_UNUSED_VARIABLE = YES;
				IPHONEOS_DEPLOYMENT_TARGET = 9.3;
				MTL_ENABLE_DEBUG_INFO = YES;
				ONLY_ACTIVE_ARCH = YES;
				SDKROOT = iphoneos;
				SWIFT_OPTIMIZATION_LEVEL = "-Onone";
				SWIFT_VERSION = 4.0;
				TARGETED_DEVICE_FAMILY = "1,2";
			};
			name = Debug;
		};
		555C91CF1D0F0731003E84E3 /* Release */ = {
			isa = XCBuildConfiguration;
			buildSettings = {
				ALWAYS_SEARCH_USER_PATHS = NO;
				CLANG_ANALYZER_NONNULL = YES;
				CLANG_CXX_LANGUAGE_STANDARD = "gnu++0x";
				CLANG_CXX_LIBRARY = "libc++";
				CLANG_ENABLE_MODULES = YES;
				CLANG_ENABLE_OBJC_ARC = YES;
				CLANG_WARN_BLOCK_CAPTURE_AUTORELEASING = YES;
				CLANG_WARN_BOOL_CONVERSION = YES;
				CLANG_WARN_COMMA = YES;
				CLANG_WARN_CONSTANT_CONVERSION = YES;
				CLANG_WARN_DEPRECATED_OBJC_IMPLEMENTATIONS = YES;
				CLANG_WARN_DIRECT_OBJC_ISA_USAGE = YES_ERROR;
				CLANG_WARN_EMPTY_BODY = YES;
				CLANG_WARN_ENUM_CONVERSION = YES;
				CLANG_WARN_INFINITE_RECURSION = YES;
				CLANG_WARN_INT_CONVERSION = YES;
				CLANG_WARN_NON_LITERAL_NULL_CONVERSION = YES;
				CLANG_WARN_OBJC_IMPLICIT_RETAIN_SELF = YES;
				CLANG_WARN_OBJC_LITERAL_CONVERSION = YES;
				CLANG_WARN_OBJC_ROOT_CLASS = YES_ERROR;
				CLANG_WARN_RANGE_LOOP_ANALYSIS = YES;
				CLANG_WARN_STRICT_PROTOTYPES = YES;
				CLANG_WARN_SUSPICIOUS_MOVE = YES;
				CLANG_WARN_UNREACHABLE_CODE = YES;
				CLANG_WARN__DUPLICATE_METHOD_MATCH = YES;
				"CODE_SIGN_IDENTITY[sdk=iphoneos*]" = "iPhone Developer";
				COPY_PHASE_STRIP = NO;
				DEBUG_INFORMATION_FORMAT = "dwarf-with-dsym";
				ENABLE_NS_ASSERTIONS = NO;
				ENABLE_STRICT_OBJC_MSGSEND = YES;
				GCC_C_LANGUAGE_STANDARD = gnu99;
				GCC_NO_COMMON_BLOCKS = YES;
				GCC_WARN_64_TO_32_BIT_CONVERSION = YES;
				GCC_WARN_ABOUT_RETURN_TYPE = YES_ERROR;
				GCC_WARN_UNDECLARED_SELECTOR = YES;
				GCC_WARN_UNINITIALIZED_AUTOS = YES_AGGRESSIVE;
				GCC_WARN_UNUSED_FUNCTION = YES;
				GCC_WARN_UNUSED_VARIABLE = YES;
				IPHONEOS_DEPLOYMENT_TARGET = 9.3;
				MTL_ENABLE_DEBUG_INFO = NO;
				SDKROOT = iphoneos;
				SWIFT_OPTIMIZATION_LEVEL = "-Owholemodule";
				SWIFT_VERSION = 4.0;
				TARGETED_DEVICE_FAMILY = "1,2";
				VALIDATE_PRODUCT = YES;
			};
			name = Release;
		};
		555C91D11D0F0731003E84E3 /* Debug */ = {
			isa = XCBuildConfiguration;
			baseConfigurationReference = 11E82E2A01DF386A2BD70BE6 /* Pods-visualrecognitionios.debug.xcconfig */;
			buildSettings = {
				ASSETCATALOG_COMPILER_APPICON_NAME = AppIcon;
				FRAMEWORK_SEARCH_PATHS = (
					"$(inherited)",
					"$(PROJECT_DIR)",
				);
				INFOPLIST_FILE = visualrecognitionios/Info.plist;
				IPHONEOS_DEPLOYMENT_TARGET = 10.0;
				LD_RUNPATH_SEARCH_PATHS = "$(inherited) @executable_path/Frameworks";
				PRODUCT_BUNDLE_IDENTIFIER = com.ibm.visualrecognitionios;
				PRODUCT_NAME = "$(TARGET_NAME)";
				SWIFT_VERSION = 4.2;
			};
			name = Debug;
		};
		555C91D21D0F0731003E84E3 /* Release */ = {
			isa = XCBuildConfiguration;
			baseConfigurationReference = 1CCAB15229E227CD9B62C913 /* Pods-visualrecognitionios.release.xcconfig */;
			buildSettings = {
				ASSETCATALOG_COMPILER_APPICON_NAME = AppIcon;
				FRAMEWORK_SEARCH_PATHS = (
					"$(inherited)",
					"$(PROJECT_DIR)",
				);
				INFOPLIST_FILE = visualrecognitionios/Info.plist;
				IPHONEOS_DEPLOYMENT_TARGET = 10.0;
				LD_RUNPATH_SEARCH_PATHS = "$(inherited) @executable_path/Frameworks";
				PRODUCT_BUNDLE_IDENTIFIER = com.ibm.visualrecognitionios;
				PRODUCT_NAME = "$(TARGET_NAME)";
				SWIFT_VERSION = 4.2;
			};
			name = Release;
		};
		E3D187DE202CAFBE00E41D1D /* Debug */ = {
			isa = XCBuildConfiguration;
			baseConfigurationReference = D89BC7573A6BA92E7A355C67 /* Pods-visualrecognitioniosTests.debug.xcconfig */;
			buildSettings = {
				BUNDLE_LOADER = "$(TEST_HOST)";
				CLANG_ANALYZER_NUMBER_OBJECT_CONVERSION = YES_AGGRESSIVE;
				CLANG_CXX_LANGUAGE_STANDARD = "gnu++14";
				CLANG_WARN_DOCUMENTATION_COMMENTS = YES;
				CLANG_WARN_UNGUARDED_AVAILABILITY = YES_AGGRESSIVE;
				CODE_SIGN_IDENTITY = "iPhone Developer";
				CODE_SIGN_STYLE = Automatic;
				GCC_C_LANGUAGE_STANDARD = gnu11;
				INFOPLIST_FILE = visualrecognitioniosTests/Info.plist;
				IPHONEOS_DEPLOYMENT_TARGET = 11.2;
				LD_RUNPATH_SEARCH_PATHS = "$(inherited) @executable_path/Frameworks @loader_path/Frameworks";
				PRODUCT_BUNDLE_IDENTIFIER = "com.ibm.BluePic-iOS.visualrecognitioniosTests";
				PRODUCT_NAME = "$(TARGET_NAME)";
				SWIFT_ACTIVE_COMPILATION_CONDITIONS = DEBUG;
				SWIFT_VERSION = 4.2;
				TARGETED_DEVICE_FAMILY = "1,2";
				TEST_HOST = "$(BUILT_PRODUCTS_DIR)/visualrecognitionios.app/visualrecognitionios";
			};
			name = Debug;
		};
		E3D187DF202CAFBE00E41D1D /* Release */ = {
			isa = XCBuildConfiguration;
			baseConfigurationReference = BE8DF661C07204DB0E9EEB5F /* Pods-visualrecognitioniosTests.release.xcconfig */;
			buildSettings = {
				BUNDLE_LOADER = "$(TEST_HOST)";
				CLANG_ANALYZER_NUMBER_OBJECT_CONVERSION = YES_AGGRESSIVE;
				CLANG_CXX_LANGUAGE_STANDARD = "gnu++14";
				CLANG_WARN_DOCUMENTATION_COMMENTS = YES;
				CLANG_WARN_UNGUARDED_AVAILABILITY = YES_AGGRESSIVE;
				CODE_SIGN_IDENTITY = "iPhone Developer";
				CODE_SIGN_STYLE = Automatic;
				GCC_C_LANGUAGE_STANDARD = gnu11;
				INFOPLIST_FILE = visualrecognitioniosTests/Info.plist;
				IPHONEOS_DEPLOYMENT_TARGET = 11.2;
				LD_RUNPATH_SEARCH_PATHS = "$(inherited) @executable_path/Frameworks @loader_path/Frameworks";
				PRODUCT_BUNDLE_IDENTIFIER = "com.ibm.BluePic-iOS.visualrecognitioniosTests";
				PRODUCT_NAME = "$(TARGET_NAME)";
				SWIFT_VERSION = 4.2;
				TARGETED_DEVICE_FAMILY = "1,2";
				TEST_HOST = "$(BUILT_PRODUCTS_DIR)/visualrecognitionios.app/visualrecognitionios";
			};
			name = Release;
		};
		E3D187ED202CAFE600E41D1D /* Debug */ = {
			isa = XCBuildConfiguration;
			baseConfigurationReference = 87BF2132F67C2EAE62E4B71D /* Pods-visualrecognitioniosUITests.debug.xcconfig */;
			buildSettings = {
				CLANG_ANALYZER_NUMBER_OBJECT_CONVERSION = YES_AGGRESSIVE;
				CLANG_CXX_LANGUAGE_STANDARD = "gnu++14";
				CLANG_WARN_DOCUMENTATION_COMMENTS = YES;
				CLANG_WARN_UNGUARDED_AVAILABILITY = YES_AGGRESSIVE;
				CODE_SIGN_IDENTITY = "iPhone Developer";
				CODE_SIGN_STYLE = Automatic;
				GCC_C_LANGUAGE_STANDARD = gnu11;
				INFOPLIST_FILE = visualrecognitioniosUITests/Info.plist;
				IPHONEOS_DEPLOYMENT_TARGET = 11.2;
				LD_RUNPATH_SEARCH_PATHS = "$(inherited) @executable_path/Frameworks @loader_path/Frameworks";
				PRODUCT_BUNDLE_IDENTIFIER = "com.ibm.BluePic-iOS.visualrecognitioniosUITests";
				PRODUCT_NAME = "$(TARGET_NAME)";
				SWIFT_ACTIVE_COMPILATION_CONDITIONS = DEBUG;
				SWIFT_VERSION = 4.2;
				TARGETED_DEVICE_FAMILY = "1,2";
				TEST_TARGET_NAME = visualrecognitionios;
			};
			name = Debug;
		};
		E3D187EE202CAFE600E41D1D /* Release */ = {
			isa = XCBuildConfiguration;
			baseConfigurationReference = 483EEB55DA3E89708BB85127 /* Pods-visualrecognitioniosUITests.release.xcconfig */;
			buildSettings = {
				CLANG_ANALYZER_NUMBER_OBJECT_CONVERSION = YES_AGGRESSIVE;
				CLANG_CXX_LANGUAGE_STANDARD = "gnu++14";
				CLANG_WARN_DOCUMENTATION_COMMENTS = YES;
				CLANG_WARN_UNGUARDED_AVAILABILITY = YES_AGGRESSIVE;
				CODE_SIGN_IDENTITY = "iPhone Developer";
				CODE_SIGN_STYLE = Automatic;
				GCC_C_LANGUAGE_STANDARD = gnu11;
				INFOPLIST_FILE = visualrecognitioniosUITests/Info.plist;
				IPHONEOS_DEPLOYMENT_TARGET = 11.2;
				LD_RUNPATH_SEARCH_PATHS = "$(inherited) @executable_path/Frameworks @loader_path/Frameworks";
				PRODUCT_BUNDLE_IDENTIFIER = "com.ibm.BluePic-iOS.visualrecognitioniosUITests";
				PRODUCT_NAME = "$(TARGET_NAME)";
				SWIFT_VERSION = 4.2;
				TARGETED_DEVICE_FAMILY = "1,2";
				TEST_TARGET_NAME = visualrecognitionios;
			};
			name = Release;
		};
/* End XCBuildConfiguration section */

/* Begin XCConfigurationList section */
		555C91A31D0F0731003E84E3 /* Build configuration list for PBXProject "visualrecognitionios" */ = {
			isa = XCConfigurationList;
			buildConfigurations = (
				555C91CE1D0F0731003E84E3 /* Debug */,
				555C91CF1D0F0731003E84E3 /* Release */,
			);
			defaultConfigurationIsVisible = 0;
			defaultConfigurationName = Release;
		};
		555C91D01D0F0731003E84E3 /* Build configuration list for PBXNativeTarget "visualrecognitionios" */ = {
			isa = XCConfigurationList;
			buildConfigurations = (
				555C91D11D0F0731003E84E3 /* Debug */,
				555C91D21D0F0731003E84E3 /* Release */,
			);
			defaultConfigurationIsVisible = 0;
			defaultConfigurationName = Release;
		};
		E3D187E0202CAFBE00E41D1D /* Build configuration list for PBXNativeTarget "visualrecognitioniosTests" */ = {
			isa = XCConfigurationList;
			buildConfigurations = (
				E3D187DE202CAFBE00E41D1D /* Debug */,
				E3D187DF202CAFBE00E41D1D /* Release */,
			);
			defaultConfigurationIsVisible = 0;
			defaultConfigurationName = Release;
		};
		E3D187EC202CAFE600E41D1D /* Build configuration list for PBXNativeTarget "visualrecognitioniosUITests" */ = {
			isa = XCConfigurationList;
			buildConfigurations = (
				E3D187ED202CAFE600E41D1D /* Debug */,
				E3D187EE202CAFE600E41D1D /* Release */,
			);
			defaultConfigurationIsVisible = 0;
			defaultConfigurationName = Release;
		};
/* End XCConfigurationList section */
	};
	rootObject = 555C91A01D0F0731003E84E3 /* Project object */;
}